// !$*UTF8*$!
{
	archiveVersion = 1;
	classes = {
	};
	objectVersion = 56;
	objects = {

/* Begin PBXBuildFile section */
		1336F28E2BA1DE1B003AA20D /* ReviewCardView.swift in Sources */ = {isa = PBXBuildFile; fileRef = 1336F28D2BA1DE1B003AA20D /* ReviewCardView.swift */; };
<<<<<<< HEAD
		135743AF2BC05A53008442B8 /* MapView.swift in Sources */ = {isa = PBXBuildFile; fileRef = 135743AE2BC05A53008442B8 /* MapView.swift */; };
=======
		135743B72BC700F2008442B8 /* FirebaseAnalytics in Frameworks */ = {isa = PBXBuildFile; productRef = 135743B62BC700F2008442B8 /* FirebaseAnalytics */; };
		135743B92BC700F2008442B8 /* FirebaseAnalyticsOnDeviceConversion in Frameworks */ = {isa = PBXBuildFile; productRef = 135743B82BC700F2008442B8 /* FirebaseAnalyticsOnDeviceConversion */; };
		135743BB2BC700F2008442B8 /* FirebaseAnalyticsSwift in Frameworks */ = {isa = PBXBuildFile; productRef = 135743BA2BC700F2008442B8 /* FirebaseAnalyticsSwift */; };
		135743BD2BC700F2008442B8 /* FirebaseAnalyticsWithoutAdIdSupport in Frameworks */ = {isa = PBXBuildFile; productRef = 135743BC2BC700F2008442B8 /* FirebaseAnalyticsWithoutAdIdSupport */; };
		135743BF2BC700F2008442B8 /* FirebaseAppCheck in Frameworks */ = {isa = PBXBuildFile; productRef = 135743BE2BC700F2008442B8 /* FirebaseAppCheck */; };
>>>>>>> 1c2cad2 (updated the package after bundle identifier changed)
		136372202BA848930082518A /* EditUserDetailView.swift in Sources */ = {isa = PBXBuildFile; fileRef = 1363721F2BA848930082518A /* EditUserDetailView.swift */; };
		136372232BA859600082518A /* UserProfileViewModel.swift in Sources */ = {isa = PBXBuildFile; fileRef = 136372222BA859600082518A /* UserProfileViewModel.swift */; };
		136372252BA85A6B0082518A /* UserRepository.swift in Sources */ = {isa = PBXBuildFile; fileRef = 136372242BA85A6B0082518A /* UserRepository.swift */; };
		136372272BA85B870082518A /* FirestoreUserRepository.swift in Sources */ = {isa = PBXBuildFile; fileRef = 136372262BA85B870082518A /* FirestoreUserRepository.swift */; };
		137AE8FF2BAC33AD0030B75B /* AuthViewModel.swift in Sources */ = {isa = PBXBuildFile; fileRef = 137AE8FE2BAC33AD0030B75B /* AuthViewModel.swift */; };
		13BA6B4D2B8963F900D816E9 /* AccoBnBApp.swift in Sources */ = {isa = PBXBuildFile; fileRef = 13BA6B4C2B8963F900D816E9 /* AccoBnBApp.swift */; };
		13BA6B4F2B8963F900D816E9 /* ContentView.swift in Sources */ = {isa = PBXBuildFile; fileRef = 13BA6B4E2B8963F900D816E9 /* ContentView.swift */; };
		13BA6B512B8963FA00D816E9 /* Assets.xcassets in Resources */ = {isa = PBXBuildFile; fileRef = 13BA6B502B8963FA00D816E9 /* Assets.xcassets */; };
		13BA6B542B8963FA00D816E9 /* Preview Assets.xcassets in Resources */ = {isa = PBXBuildFile; fileRef = 13BA6B532B8963FA00D816E9 /* Preview Assets.xcassets */; };
		13BA6B5D2B8965B500D816E9 /* CustomTextFieldView.swift in Sources */ = {isa = PBXBuildFile; fileRef = 13BA6B5C2B8965B500D816E9 /* CustomTextFieldView.swift */; };
		13BA6B602B8965D800D816E9 /* CustomButtonView.swift in Sources */ = {isa = PBXBuildFile; fileRef = 13BA6B5F2B8965D800D816E9 /* CustomButtonView.swift */; };
		13BA6B622B89682C00D816E9 /* BorderlessIconButtonView.swift in Sources */ = {isa = PBXBuildFile; fileRef = 13BA6B612B89682C00D816E9 /* BorderlessIconButtonView.swift */; };
		13BA6B642B8968E800D816E9 /* RegisterView.swift in Sources */ = {isa = PBXBuildFile; fileRef = 13BA6B632B8968E800D816E9 /* RegisterView.swift */; };
		13BA6B662B89693B00D816E9 /* LoginView.swift in Sources */ = {isa = PBXBuildFile; fileRef = 13BA6B652B89693B00D816E9 /* LoginView.swift */; };
		13BA6B682B89697100D816E9 /* ResetPasswordView.swift in Sources */ = {isa = PBXBuildFile; fileRef = 13BA6B672B89697100D816E9 /* ResetPasswordView.swift */; };
		13BA6B6A2B8969A100D816E9 /* MyProfileView.swift in Sources */ = {isa = PBXBuildFile; fileRef = 13BA6B692B8969A100D816E9 /* MyProfileView.swift */; };
		13BA6B702B8A629800D816E9 /* ConciseRatingView.swift in Sources */ = {isa = PBXBuildFile; fileRef = 13BA6B6F2B8A629800D816E9 /* ConciseRatingView.swift */; };
		13BA6B722B8A62A100D816E9 /* ListingCardView.swift in Sources */ = {isa = PBXBuildFile; fileRef = 13BA6B712B8A62A100D816E9 /* ListingCardView.swift */; };
		13BA6B742B8C20CA00D816E9 /* ListingView.swift in Sources */ = {isa = PBXBuildFile; fileRef = 13BA6B732B8C20CA00D816E9 /* ListingView.swift */; };
		13BA6B782B8C211600D816E9 /* NotificationView.swift in Sources */ = {isa = PBXBuildFile; fileRef = 13BA6B772B8C211600D816E9 /* NotificationView.swift */; };
		13BA6B7C2B8C238800D816E9 /* MenuNavigationView.swift in Sources */ = {isa = PBXBuildFile; fileRef = 13BA6B7B2B8C238800D816E9 /* MenuNavigationView.swift */; };
		13DCA1522BB88AE200838279 /* BookingSummary.swift in Sources */ = {isa = PBXBuildFile; fileRef = 13DCA1512BB88AE200838279 /* BookingSummary.swift */; };
		13DCA1542BB9D62E00838279 /* RatingStarView.swift in Sources */ = {isa = PBXBuildFile; fileRef = 13DCA1532BB9D62E00838279 /* RatingStarView.swift */; };
		13DCA1562BBA2BF600838279 /* ReviewViewModel.swift in Sources */ = {isa = PBXBuildFile; fileRef = 13DCA1552BBA2BF600838279 /* ReviewViewModel.swift */; };
		13DCA1582BBA32A000838279 /* ReviewRepository.swift in Sources */ = {isa = PBXBuildFile; fileRef = 13DCA1572BBA32A000838279 /* ReviewRepository.swift */; };
		13DCA15A2BBA32AE00838279 /* FirestoreReviewRepository.swift in Sources */ = {isa = PBXBuildFile; fileRef = 13DCA1592BBA32AE00838279 /* FirestoreReviewRepository.swift */; };
		800BEB892BC6490600FEDCFE /* CachedAsyncImage in Frameworks */ = {isa = PBXBuildFile; productRef = 800BEB882BC6490600FEDCFE /* CachedAsyncImage */; };
		800BEB8C2BC649FF00FEDCFE /* ImageCache.swift in Sources */ = {isa = PBXBuildFile; fileRef = 800BEB8B2BC649FF00FEDCFE /* ImageCache.swift */; };
		800BEB8E2BC6530600FEDCFE /* DateHelper.swift in Sources */ = {isa = PBXBuildFile; fileRef = 800BEB8D2BC6530600FEDCFE /* DateHelper.swift */; };
		80526C3C2BBCCF0A008BE699 /* NotificationViewModel.swift in Sources */ = {isa = PBXBuildFile; fileRef = 80526C3B2BBCCF0A008BE699 /* NotificationViewModel.swift */; };
		80526C3E2BBCCF42008BE699 /* NotificationRepository.swift in Sources */ = {isa = PBXBuildFile; fileRef = 80526C3D2BBCCF42008BE699 /* NotificationRepository.swift */; };
		80526C402BBCCF58008BE699 /* FirestoreNotificationRepository.swift in Sources */ = {isa = PBXBuildFile; fileRef = 80526C3F2BBCCF58008BE699 /* FirestoreNotificationRepository.swift */; };
		80526C5A2BC355E1008BE699 /* GoogleService-Info.plist in Resources */ = {isa = PBXBuildFile; fileRef = 80526C592BC355E1008BE699 /* GoogleService-Info.plist */; };
		80526C602BC36F94008BE699 /* AppDelegate.swift in Sources */ = {isa = PBXBuildFile; fileRef = 80526C5F2BC36F94008BE699 /* AppDelegate.swift */; };
		D00CCF5B2BC24DD200DAB1FE /* PrivacyPolicyView.swift in Sources */ = {isa = PBXBuildFile; fileRef = D00CCF5A2BC24DD200DAB1FE /* PrivacyPolicyView.swift */; };
		D00CCF5F2BC2548200DAB1FE /* TermsAndConditionsView.swift in Sources */ = {isa = PBXBuildFile; fileRef = D00CCF5E2BC2548200DAB1FE /* TermsAndConditionsView.swift */; };
		D02908482BAA5266001EA8B1 /* SearchBarView.swift in Sources */ = {isa = PBXBuildFile; fileRef = D02908472BAA5266001EA8B1 /* SearchBarView.swift */; };
		D051E6442BBC7890000158AC /* SettingView.swift in Sources */ = {isa = PBXBuildFile; fileRef = D051E6432BBC7890000158AC /* SettingView.swift */; };
		D051E6462BBC7C16000158AC /* FirebaseAnalytics in Frameworks */ = {isa = PBXBuildFile; productRef = D051E6452BBC7C16000158AC /* FirebaseAnalytics */; };
		D051E6482BBC7C16000158AC /* FirebaseAnalyticsOnDeviceConversion in Frameworks */ = {isa = PBXBuildFile; productRef = D051E6472BBC7C16000158AC /* FirebaseAnalyticsOnDeviceConversion */; };
		D051E64A2BBC7C16000158AC /* FirebaseAnalyticsSwift in Frameworks */ = {isa = PBXBuildFile; productRef = D051E6492BBC7C16000158AC /* FirebaseAnalyticsSwift */; };
		D051E64C2BBC7C16000158AC /* FirebaseAnalyticsWithoutAdIdSupport in Frameworks */ = {isa = PBXBuildFile; productRef = D051E64B2BBC7C16000158AC /* FirebaseAnalyticsWithoutAdIdSupport */; };
		D051E64E2BBC7C16000158AC /* FirebaseAppCheck in Frameworks */ = {isa = PBXBuildFile; productRef = D051E64D2BBC7C16000158AC /* FirebaseAppCheck */; };
		E11609B12BBE56DE00404A7C /* AddressSearchBarView.swift in Sources */ = {isa = PBXBuildFile; fileRef = E11609B02BBE56DE00404A7C /* AddressSearchBarView.swift */; };
		E120AD2B2B97C22A0061ECD4 /* FirebaseAnalytics in Frameworks */ = {isa = PBXBuildFile; productRef = E120AD2A2B97C22A0061ECD4 /* FirebaseAnalytics */; };
		E120AD2D2B97C22A0061ECD4 /* FirebaseAnalyticsOnDeviceConversion in Frameworks */ = {isa = PBXBuildFile; productRef = E120AD2C2B97C22A0061ECD4 /* FirebaseAnalyticsOnDeviceConversion */; };
		E120AD2F2B97C22A0061ECD4 /* FirebaseAnalyticsSwift in Frameworks */ = {isa = PBXBuildFile; productRef = E120AD2E2B97C22A0061ECD4 /* FirebaseAnalyticsSwift */; };
		E120AD312B97C22A0061ECD4 /* FirebaseAnalyticsWithoutAdIdSupport in Frameworks */ = {isa = PBXBuildFile; productRef = E120AD302B97C22A0061ECD4 /* FirebaseAnalyticsWithoutAdIdSupport */; };
		E120AD332B97C22A0061ECD4 /* FirebaseAppCheck in Frameworks */ = {isa = PBXBuildFile; productRef = E120AD322B97C22A0061ECD4 /* FirebaseAppCheck */; };
		E120AD352B97C22A0061ECD4 /* FirebaseAppDistribution-Beta in Frameworks */ = {isa = PBXBuildFile; productRef = E120AD342B97C22A0061ECD4 /* FirebaseAppDistribution-Beta */; };
		E120AD372B97C22A0061ECD4 /* FirebaseAuth in Frameworks */ = {isa = PBXBuildFile; productRef = E120AD362B97C22A0061ECD4 /* FirebaseAuth */; };
		E120AD392B97C22A0061ECD4 /* FirebaseAuthCombine-Community in Frameworks */ = {isa = PBXBuildFile; productRef = E120AD382B97C22A0061ECD4 /* FirebaseAuthCombine-Community */; };
		E120AD3B2B97C22A0061ECD4 /* FirebaseCrashlytics in Frameworks */ = {isa = PBXBuildFile; productRef = E120AD3A2B97C22A0061ECD4 /* FirebaseCrashlytics */; };
		E120AD3D2B97C22A0061ECD4 /* FirebaseDatabase in Frameworks */ = {isa = PBXBuildFile; productRef = E120AD3C2B97C22A0061ECD4 /* FirebaseDatabase */; };
		E120AD3F2B97C22A0061ECD4 /* FirebaseDatabaseSwift in Frameworks */ = {isa = PBXBuildFile; productRef = E120AD3E2B97C22A0061ECD4 /* FirebaseDatabaseSwift */; };
		E120AD412B97C22A0061ECD4 /* FirebaseDynamicLinks in Frameworks */ = {isa = PBXBuildFile; productRef = E120AD402B97C22A0061ECD4 /* FirebaseDynamicLinks */; };
		E120AD432B97C22A0061ECD4 /* FirebaseFirestore in Frameworks */ = {isa = PBXBuildFile; productRef = E120AD422B97C22A0061ECD4 /* FirebaseFirestore */; };
		E120AD452B97C22A0061ECD4 /* FirebaseFirestoreCombine-Community in Frameworks */ = {isa = PBXBuildFile; productRef = E120AD442B97C22A0061ECD4 /* FirebaseFirestoreCombine-Community */; };
		E120AD472B97C22A0061ECD4 /* FirebaseFirestoreSwift in Frameworks */ = {isa = PBXBuildFile; productRef = E120AD462B97C22A0061ECD4 /* FirebaseFirestoreSwift */; };
		E120AD492B97C22A0061ECD4 /* FirebaseFunctions in Frameworks */ = {isa = PBXBuildFile; productRef = E120AD482B97C22A0061ECD4 /* FirebaseFunctions */; };
		E120AD4B2B97C22A0061ECD4 /* FirebaseFunctionsCombine-Community in Frameworks */ = {isa = PBXBuildFile; productRef = E120AD4A2B97C22A0061ECD4 /* FirebaseFunctionsCombine-Community */; };
		E120AD4D2B97C22A0061ECD4 /* FirebaseInAppMessaging-Beta in Frameworks */ = {isa = PBXBuildFile; productRef = E120AD4C2B97C22A0061ECD4 /* FirebaseInAppMessaging-Beta */; };
		E120AD4F2B97C22A0061ECD4 /* FirebaseInAppMessagingSwift-Beta in Frameworks */ = {isa = PBXBuildFile; productRef = E120AD4E2B97C22A0061ECD4 /* FirebaseInAppMessagingSwift-Beta */; };
		E120AD512B97C22A0061ECD4 /* FirebaseInstallations in Frameworks */ = {isa = PBXBuildFile; productRef = E120AD502B97C22A0061ECD4 /* FirebaseInstallations */; };
		E120AD532B97C22A0061ECD4 /* FirebaseMLModelDownloader in Frameworks */ = {isa = PBXBuildFile; productRef = E120AD522B97C22A0061ECD4 /* FirebaseMLModelDownloader */; };
		E120AD552B97C22A0061ECD4 /* FirebaseMessaging in Frameworks */ = {isa = PBXBuildFile; productRef = E120AD542B97C22A0061ECD4 /* FirebaseMessaging */; };
		E120AD572B97C22A0061ECD4 /* FirebasePerformance in Frameworks */ = {isa = PBXBuildFile; productRef = E120AD562B97C22A0061ECD4 /* FirebasePerformance */; };
		E120AD592B97C22A0061ECD4 /* FirebaseRemoteConfig in Frameworks */ = {isa = PBXBuildFile; productRef = E120AD582B97C22A0061ECD4 /* FirebaseRemoteConfig */; };
		E120AD5B2B97C22A0061ECD4 /* FirebaseRemoteConfigSwift in Frameworks */ = {isa = PBXBuildFile; productRef = E120AD5A2B97C22A0061ECD4 /* FirebaseRemoteConfigSwift */; };
		E120AD5D2B97C22A0061ECD4 /* FirebaseStorage in Frameworks */ = {isa = PBXBuildFile; productRef = E120AD5C2B97C22A0061ECD4 /* FirebaseStorage */; };
		E120AD5F2B97C22A0061ECD4 /* FirebaseStorageCombine-Community in Frameworks */ = {isa = PBXBuildFile; productRef = E120AD5E2B97C22A0061ECD4 /* FirebaseStorageCombine-Community */; };
		E120AD622B97C2730061ECD4 /* ListingViewModel.swift in Sources */ = {isa = PBXBuildFile; fileRef = E120AD612B97C2730061ECD4 /* ListingViewModel.swift */; };
		E120AD652B97C6180061ECD4 /* ListingRepository.swift in Sources */ = {isa = PBXBuildFile; fileRef = E120AD642B97C6180061ECD4 /* ListingRepository.swift */; };
		E120AD672B97C6750061ECD4 /* FirestoreListingRepository.swift in Sources */ = {isa = PBXBuildFile; fileRef = E120AD662B97C6750061ECD4 /* FirestoreListingRepository.swift */; };
		E123E8112B8C001400FEBDBA /* SplashScreenView.swift in Sources */ = {isa = PBXBuildFile; fileRef = E123E8102B8C001400FEBDBA /* SplashScreenView.swift */; };
		E123E8152B8C655400FEBDBA /* Listing.swift in Sources */ = {isa = PBXBuildFile; fileRef = E123E8142B8C655400FEBDBA /* Listing.swift */; };
		E123E8172B8CFDB300FEBDBA /* Booking.swift in Sources */ = {isa = PBXBuildFile; fileRef = E123E8162B8CFDB300FEBDBA /* Booking.swift */; };
		E123E8192B8CFE0100FEBDBA /* Notification.swift in Sources */ = {isa = PBXBuildFile; fileRef = E123E8182B8CFE0100FEBDBA /* Notification.swift */; };
		E123E81B2B8CFE3300FEBDBA /* Review.swift in Sources */ = {isa = PBXBuildFile; fileRef = E123E81A2B8CFE3300FEBDBA /* Review.swift */; };
		E123E81D2B8CFE7E00FEBDBA /* User.swift in Sources */ = {isa = PBXBuildFile; fileRef = E123E81C2B8CFE7E00FEBDBA /* User.swift */; };
		E123E8212B8CFF0800FEBDBA /* Favourite.swift in Sources */ = {isa = PBXBuildFile; fileRef = E123E8202B8CFF0800FEBDBA /* Favourite.swift */; };
		E12B64242BAA4ED50045303F /* BottomSheetView.swift in Sources */ = {isa = PBXBuildFile; fileRef = E12B64232BAA4ED40045303F /* BottomSheetView.swift */; };
		E12B64272BAB6F450045303F /* BookingViewModel.swift in Sources */ = {isa = PBXBuildFile; fileRef = E12B64262BAB6F450045303F /* BookingViewModel.swift */; };
		E12B64292BAB70090045303F /* BookingRepository.swift in Sources */ = {isa = PBXBuildFile; fileRef = E12B64282BAB70090045303F /* BookingRepository.swift */; };
		E12B642B2BAB707C0045303F /* FirestoreBookingRepository.swift in Sources */ = {isa = PBXBuildFile; fileRef = E12B642A2BAB707C0045303F /* FirestoreBookingRepository.swift */; };
		E12B642D2BAF74A30045303F /* BookingView.swift in Sources */ = {isa = PBXBuildFile; fileRef = E12B642C2BAF74A30045303F /* BookingView.swift */; };
		E16236BE2BC344AA008D657B /* ImagePicker.swift in Sources */ = {isa = PBXBuildFile; fileRef = E16236BD2BC344AA008D657B /* ImagePicker.swift */; };
		E1E5BE052BA1457A004BD586 /* ListingDetailView.swift in Sources */ = {isa = PBXBuildFile; fileRef = E1E5BE042BA1457A004BD586 /* ListingDetailView.swift */; };
		E1EFA9602BB7977300E50E64 /* ManageListingView.swift in Sources */ = {isa = PBXBuildFile; fileRef = E1EFA95F2BB7977200E50E64 /* ManageListingView.swift */; };
		E1EFA9622BB79C6400E50E64 /* AddListingView.swift in Sources */ = {isa = PBXBuildFile; fileRef = E1EFA9612BB79C6400E50E64 /* AddListingView.swift */; };
		E1EFA9642BBCCC1200E50E64 /* AmenityChipView.swift in Sources */ = {isa = PBXBuildFile; fileRef = E1EFA9632BBCCC1200E50E64 /* AmenityChipView.swift */; };
/* End PBXBuildFile section */

/* Begin PBXFileReference section */
		1336F28D2BA1DE1B003AA20D /* ReviewCardView.swift */ = {isa = PBXFileReference; lastKnownFileType = sourcecode.swift; path = ReviewCardView.swift; sourceTree = "<group>"; };
		135743AE2BC05A53008442B8 /* MapView.swift */ = {isa = PBXFileReference; lastKnownFileType = sourcecode.swift; path = MapView.swift; sourceTree = "<group>"; };
		1363721F2BA848930082518A /* EditUserDetailView.swift */ = {isa = PBXFileReference; lastKnownFileType = sourcecode.swift; path = EditUserDetailView.swift; sourceTree = "<group>"; };
		136372222BA859600082518A /* UserProfileViewModel.swift */ = {isa = PBXFileReference; lastKnownFileType = sourcecode.swift; path = UserProfileViewModel.swift; sourceTree = "<group>"; };
		136372242BA85A6B0082518A /* UserRepository.swift */ = {isa = PBXFileReference; lastKnownFileType = sourcecode.swift; path = UserRepository.swift; sourceTree = "<group>"; };
		136372262BA85B870082518A /* FirestoreUserRepository.swift */ = {isa = PBXFileReference; lastKnownFileType = sourcecode.swift; path = FirestoreUserRepository.swift; sourceTree = "<group>"; };
		137AE8FE2BAC33AD0030B75B /* AuthViewModel.swift */ = {isa = PBXFileReference; lastKnownFileType = sourcecode.swift; path = AuthViewModel.swift; sourceTree = "<group>"; };
		13BA6B492B8963F900D816E9 /* AccoBnB.app */ = {isa = PBXFileReference; explicitFileType = wrapper.application; includeInIndex = 0; path = AccoBnB.app; sourceTree = BUILT_PRODUCTS_DIR; };
		13BA6B4C2B8963F900D816E9 /* AccoBnBApp.swift */ = {isa = PBXFileReference; lastKnownFileType = sourcecode.swift; path = AccoBnBApp.swift; sourceTree = "<group>"; };
		13BA6B4E2B8963F900D816E9 /* ContentView.swift */ = {isa = PBXFileReference; lastKnownFileType = sourcecode.swift; path = ContentView.swift; sourceTree = "<group>"; };
		13BA6B502B8963FA00D816E9 /* Assets.xcassets */ = {isa = PBXFileReference; lastKnownFileType = folder.assetcatalog; path = Assets.xcassets; sourceTree = "<group>"; };
		13BA6B532B8963FA00D816E9 /* Preview Assets.xcassets */ = {isa = PBXFileReference; lastKnownFileType = folder.assetcatalog; path = "Preview Assets.xcassets"; sourceTree = "<group>"; };
		13BA6B5C2B8965B500D816E9 /* CustomTextFieldView.swift */ = {isa = PBXFileReference; lastKnownFileType = sourcecode.swift; path = CustomTextFieldView.swift; sourceTree = "<group>"; };
		13BA6B5F2B8965D800D816E9 /* CustomButtonView.swift */ = {isa = PBXFileReference; lastKnownFileType = sourcecode.swift; path = CustomButtonView.swift; sourceTree = "<group>"; };
		13BA6B612B89682C00D816E9 /* BorderlessIconButtonView.swift */ = {isa = PBXFileReference; lastKnownFileType = sourcecode.swift; path = BorderlessIconButtonView.swift; sourceTree = "<group>"; };
		13BA6B632B8968E800D816E9 /* RegisterView.swift */ = {isa = PBXFileReference; fileEncoding = 4; lastKnownFileType = sourcecode.swift; path = RegisterView.swift; sourceTree = "<group>"; };
		13BA6B652B89693B00D816E9 /* LoginView.swift */ = {isa = PBXFileReference; fileEncoding = 4; lastKnownFileType = sourcecode.swift; path = LoginView.swift; sourceTree = "<group>"; };
		13BA6B672B89697100D816E9 /* ResetPasswordView.swift */ = {isa = PBXFileReference; fileEncoding = 4; lastKnownFileType = sourcecode.swift; path = ResetPasswordView.swift; sourceTree = "<group>"; };
		13BA6B692B8969A100D816E9 /* MyProfileView.swift */ = {isa = PBXFileReference; fileEncoding = 4; lastKnownFileType = sourcecode.swift; path = MyProfileView.swift; sourceTree = "<group>"; };
		13BA6B6F2B8A629800D816E9 /* ConciseRatingView.swift */ = {isa = PBXFileReference; fileEncoding = 4; lastKnownFileType = sourcecode.swift; path = ConciseRatingView.swift; sourceTree = "<group>"; };
		13BA6B712B8A62A100D816E9 /* ListingCardView.swift */ = {isa = PBXFileReference; fileEncoding = 4; lastKnownFileType = sourcecode.swift; path = ListingCardView.swift; sourceTree = "<group>"; };
		13BA6B732B8C20CA00D816E9 /* ListingView.swift */ = {isa = PBXFileReference; lastKnownFileType = sourcecode.swift; path = ListingView.swift; sourceTree = "<group>"; };
		13BA6B772B8C211600D816E9 /* NotificationView.swift */ = {isa = PBXFileReference; lastKnownFileType = sourcecode.swift; path = NotificationView.swift; sourceTree = "<group>"; };
		13BA6B7B2B8C238800D816E9 /* MenuNavigationView.swift */ = {isa = PBXFileReference; lastKnownFileType = sourcecode.swift; path = MenuNavigationView.swift; sourceTree = "<group>"; };
		13DCA1512BB88AE200838279 /* BookingSummary.swift */ = {isa = PBXFileReference; lastKnownFileType = sourcecode.swift; path = BookingSummary.swift; sourceTree = "<group>"; };
		13DCA1532BB9D62E00838279 /* RatingStarView.swift */ = {isa = PBXFileReference; lastKnownFileType = sourcecode.swift; path = RatingStarView.swift; sourceTree = "<group>"; };
		13DCA1552BBA2BF600838279 /* ReviewViewModel.swift */ = {isa = PBXFileReference; lastKnownFileType = sourcecode.swift; path = ReviewViewModel.swift; sourceTree = "<group>"; };
		13DCA1572BBA32A000838279 /* ReviewRepository.swift */ = {isa = PBXFileReference; lastKnownFileType = sourcecode.swift; path = ReviewRepository.swift; sourceTree = "<group>"; };
		13DCA1592BBA32AE00838279 /* FirestoreReviewRepository.swift */ = {isa = PBXFileReference; lastKnownFileType = sourcecode.swift; path = FirestoreReviewRepository.swift; sourceTree = "<group>"; };
		800BEB8B2BC649FF00FEDCFE /* ImageCache.swift */ = {isa = PBXFileReference; lastKnownFileType = sourcecode.swift; path = ImageCache.swift; sourceTree = "<group>"; };
		800BEB8D2BC6530600FEDCFE /* DateHelper.swift */ = {isa = PBXFileReference; lastKnownFileType = sourcecode.swift; path = DateHelper.swift; sourceTree = "<group>"; };
		80526C3B2BBCCF0A008BE699 /* NotificationViewModel.swift */ = {isa = PBXFileReference; lastKnownFileType = sourcecode.swift; path = NotificationViewModel.swift; sourceTree = "<group>"; };
		80526C3D2BBCCF42008BE699 /* NotificationRepository.swift */ = {isa = PBXFileReference; lastKnownFileType = sourcecode.swift; path = NotificationRepository.swift; sourceTree = "<group>"; };
		80526C3F2BBCCF58008BE699 /* FirestoreNotificationRepository.swift */ = {isa = PBXFileReference; lastKnownFileType = sourcecode.swift; path = FirestoreNotificationRepository.swift; sourceTree = "<group>"; };
		80526C592BC355E1008BE699 /* GoogleService-Info.plist */ = {isa = PBXFileReference; fileEncoding = 4; lastKnownFileType = text.plist.xml; path = "GoogleService-Info.plist"; sourceTree = "<group>"; };
		80526C5B2BC35736008BE699 /* AccoBnB.entitlements */ = {isa = PBXFileReference; lastKnownFileType = text.plist.entitlements; path = AccoBnB.entitlements; sourceTree = "<group>"; };
		80526C5C2BC35A6B008BE699 /* Info.plist */ = {isa = PBXFileReference; lastKnownFileType = text.plist; path = Info.plist; sourceTree = "<group>"; };
		80526C5F2BC36F94008BE699 /* AppDelegate.swift */ = {isa = PBXFileReference; lastKnownFileType = sourcecode.swift; path = AppDelegate.swift; sourceTree = "<group>"; };
		D00CCF5A2BC24DD200DAB1FE /* PrivacyPolicyView.swift */ = {isa = PBXFileReference; lastKnownFileType = sourcecode.swift; path = PrivacyPolicyView.swift; sourceTree = "<group>"; };
		D00CCF5E2BC2548200DAB1FE /* TermsAndConditionsView.swift */ = {isa = PBXFileReference; lastKnownFileType = sourcecode.swift; path = TermsAndConditionsView.swift; sourceTree = "<group>"; };
		D02908472BAA5266001EA8B1 /* SearchBarView.swift */ = {isa = PBXFileReference; lastKnownFileType = sourcecode.swift; path = SearchBarView.swift; sourceTree = "<group>"; };
		D051E6432BBC7890000158AC /* SettingView.swift */ = {isa = PBXFileReference; lastKnownFileType = sourcecode.swift; path = SettingView.swift; sourceTree = "<group>"; };
		E11609B02BBE56DE00404A7C /* AddressSearchBarView.swift */ = {isa = PBXFileReference; lastKnownFileType = sourcecode.swift; path = AddressSearchBarView.swift; sourceTree = "<group>"; };
		E120AD612B97C2730061ECD4 /* ListingViewModel.swift */ = {isa = PBXFileReference; lastKnownFileType = sourcecode.swift; path = ListingViewModel.swift; sourceTree = "<group>"; };
		E120AD642B97C6180061ECD4 /* ListingRepository.swift */ = {isa = PBXFileReference; lastKnownFileType = sourcecode.swift; path = ListingRepository.swift; sourceTree = "<group>"; };
		E120AD662B97C6750061ECD4 /* FirestoreListingRepository.swift */ = {isa = PBXFileReference; lastKnownFileType = sourcecode.swift; path = FirestoreListingRepository.swift; sourceTree = "<group>"; };
		E123E8102B8C001400FEBDBA /* SplashScreenView.swift */ = {isa = PBXFileReference; lastKnownFileType = sourcecode.swift; path = SplashScreenView.swift; sourceTree = "<group>"; };
		E123E8142B8C655400FEBDBA /* Listing.swift */ = {isa = PBXFileReference; lastKnownFileType = sourcecode.swift; path = Listing.swift; sourceTree = "<group>"; };
		E123E8162B8CFDB300FEBDBA /* Booking.swift */ = {isa = PBXFileReference; lastKnownFileType = sourcecode.swift; path = Booking.swift; sourceTree = "<group>"; };
		E123E8182B8CFE0100FEBDBA /* Notification.swift */ = {isa = PBXFileReference; lastKnownFileType = sourcecode.swift; path = Notification.swift; sourceTree = "<group>"; };
		E123E81A2B8CFE3300FEBDBA /* Review.swift */ = {isa = PBXFileReference; lastKnownFileType = sourcecode.swift; path = Review.swift; sourceTree = "<group>"; };
		E123E81C2B8CFE7E00FEBDBA /* User.swift */ = {isa = PBXFileReference; lastKnownFileType = sourcecode.swift; path = User.swift; sourceTree = "<group>"; };
		E123E8202B8CFF0800FEBDBA /* Favourite.swift */ = {isa = PBXFileReference; lastKnownFileType = sourcecode.swift; path = Favourite.swift; sourceTree = "<group>"; };
		E12B64232BAA4ED40045303F /* BottomSheetView.swift */ = {isa = PBXFileReference; lastKnownFileType = sourcecode.swift; path = BottomSheetView.swift; sourceTree = "<group>"; };
		E12B64262BAB6F450045303F /* BookingViewModel.swift */ = {isa = PBXFileReference; lastKnownFileType = sourcecode.swift; path = BookingViewModel.swift; sourceTree = "<group>"; };
		E12B64282BAB70090045303F /* BookingRepository.swift */ = {isa = PBXFileReference; lastKnownFileType = sourcecode.swift; path = BookingRepository.swift; sourceTree = "<group>"; };
		E12B642A2BAB707C0045303F /* FirestoreBookingRepository.swift */ = {isa = PBXFileReference; lastKnownFileType = sourcecode.swift; path = FirestoreBookingRepository.swift; sourceTree = "<group>"; };
		E12B642C2BAF74A30045303F /* BookingView.swift */ = {isa = PBXFileReference; lastKnownFileType = sourcecode.swift; path = BookingView.swift; sourceTree = "<group>"; };
		E16236BD2BC344AA008D657B /* ImagePicker.swift */ = {isa = PBXFileReference; lastKnownFileType = sourcecode.swift; path = ImagePicker.swift; sourceTree = "<group>"; };
		E1E5BE042BA1457A004BD586 /* ListingDetailView.swift */ = {isa = PBXFileReference; lastKnownFileType = sourcecode.swift; path = ListingDetailView.swift; sourceTree = "<group>"; };
		E1EFA95F2BB7977200E50E64 /* ManageListingView.swift */ = {isa = PBXFileReference; lastKnownFileType = sourcecode.swift; path = ManageListingView.swift; sourceTree = "<group>"; };
		E1EFA9612BB79C6400E50E64 /* AddListingView.swift */ = {isa = PBXFileReference; lastKnownFileType = sourcecode.swift; path = AddListingView.swift; sourceTree = "<group>"; };
		E1EFA9632BBCCC1200E50E64 /* AmenityChipView.swift */ = {isa = PBXFileReference; lastKnownFileType = sourcecode.swift; path = AmenityChipView.swift; sourceTree = "<group>"; };
/* End PBXFileReference section */

/* Begin PBXFrameworksBuildPhase section */
		13BA6B462B8963F900D816E9 /* Frameworks */ = {
			isa = PBXFrameworksBuildPhase;
			buildActionMask = 2147483647;
			files = (
				135743BF2BC700F2008442B8 /* FirebaseAppCheck in Frameworks */,
				135743BB2BC700F2008442B8 /* FirebaseAnalyticsSwift in Frameworks */,
				E120AD3D2B97C22A0061ECD4 /* FirebaseDatabase in Frameworks */,
				E120AD4B2B97C22A0061ECD4 /* FirebaseFunctionsCombine-Community in Frameworks */,
				E120AD432B97C22A0061ECD4 /* FirebaseFirestore in Frameworks */,
				E120AD2F2B97C22A0061ECD4 /* FirebaseAnalyticsSwift in Frameworks */,
				E120AD2B2B97C22A0061ECD4 /* FirebaseAnalytics in Frameworks */,
				E120AD2D2B97C22A0061ECD4 /* FirebaseAnalyticsOnDeviceConversion in Frameworks */,
				135743B72BC700F2008442B8 /* FirebaseAnalytics in Frameworks */,
				E120AD532B97C22A0061ECD4 /* FirebaseMLModelDownloader in Frameworks */,
				E120AD472B97C22A0061ECD4 /* FirebaseFirestoreSwift in Frameworks */,
				E120AD332B97C22A0061ECD4 /* FirebaseAppCheck in Frameworks */,
				E120AD312B97C22A0061ECD4 /* FirebaseAnalyticsWithoutAdIdSupport in Frameworks */,
				E120AD372B97C22A0061ECD4 /* FirebaseAuth in Frameworks */,
				E120AD3B2B97C22A0061ECD4 /* FirebaseCrashlytics in Frameworks */,
				135743BD2BC700F2008442B8 /* FirebaseAnalyticsWithoutAdIdSupport in Frameworks */,
				E120AD5B2B97C22A0061ECD4 /* FirebaseRemoteConfigSwift in Frameworks */,
				D051E6482BBC7C16000158AC /* FirebaseAnalyticsOnDeviceConversion in Frameworks */,
				E120AD4D2B97C22A0061ECD4 /* FirebaseInAppMessaging-Beta in Frameworks */,
				D051E6462BBC7C16000158AC /* FirebaseAnalytics in Frameworks */,
				135743B92BC700F2008442B8 /* FirebaseAnalyticsOnDeviceConversion in Frameworks */,
				D051E64E2BBC7C16000158AC /* FirebaseAppCheck in Frameworks */,
				D051E64C2BBC7C16000158AC /* FirebaseAnalyticsWithoutAdIdSupport in Frameworks */,
				E120AD3F2B97C22A0061ECD4 /* FirebaseDatabaseSwift in Frameworks */,
				E120AD492B97C22A0061ECD4 /* FirebaseFunctions in Frameworks */,
				E120AD5F2B97C22A0061ECD4 /* FirebaseStorageCombine-Community in Frameworks */,
				800BEB892BC6490600FEDCFE /* CachedAsyncImage in Frameworks */,
				E120AD592B97C22A0061ECD4 /* FirebaseRemoteConfig in Frameworks */,
				E120AD352B97C22A0061ECD4 /* FirebaseAppDistribution-Beta in Frameworks */,
				E120AD392B97C22A0061ECD4 /* FirebaseAuthCombine-Community in Frameworks */,
				E120AD572B97C22A0061ECD4 /* FirebasePerformance in Frameworks */,
				E120AD4F2B97C22A0061ECD4 /* FirebaseInAppMessagingSwift-Beta in Frameworks */,
				D051E64A2BBC7C16000158AC /* FirebaseAnalyticsSwift in Frameworks */,
				E120AD5D2B97C22A0061ECD4 /* FirebaseStorage in Frameworks */,
				E120AD412B97C22A0061ECD4 /* FirebaseDynamicLinks in Frameworks */,
				E120AD452B97C22A0061ECD4 /* FirebaseFirestoreCombine-Community in Frameworks */,
				E120AD552B97C22A0061ECD4 /* FirebaseMessaging in Frameworks */,
				E120AD512B97C22A0061ECD4 /* FirebaseInstallations in Frameworks */,
			);
			runOnlyForDeploymentPostprocessing = 0;
		};
/* End PBXFrameworksBuildPhase section */

/* Begin PBXGroup section */
		136372212BA859220082518A /* Profile */ = {
			isa = PBXGroup;
			children = (
				1363721F2BA848930082518A /* EditUserDetailView.swift */,
				D00CCF5A2BC24DD200DAB1FE /* PrivacyPolicyView.swift */,
				13BA6B692B8969A100D816E9 /* MyProfileView.swift */,
				D051E6432BBC7890000158AC /* SettingView.swift */,
				D00CCF5E2BC2548200DAB1FE /* TermsAndConditionsView.swift */,
			);
			path = Profile;
			sourceTree = "<group>";
		};
		137AE8FB2BAC33610030B75B /* Authentication */ = {
			isa = PBXGroup;
			children = (
				137AE8FD2BAC338D0030B75B /* Viewmodel */,
				137AE8FC2BAC336A0030B75B /* View */,
			);
			path = Authentication;
			sourceTree = "<group>";
		};
		137AE8FC2BAC336A0030B75B /* View */ = {
			isa = PBXGroup;
			children = (
				13BA6B652B89693B00D816E9 /* LoginView.swift */,
				13BA6B632B8968E800D816E9 /* RegisterView.swift */,
				13BA6B672B89697100D816E9 /* ResetPasswordView.swift */,
			);
			path = View;
			sourceTree = "<group>";
		};
		137AE8FD2BAC338D0030B75B /* Viewmodel */ = {
			isa = PBXGroup;
			children = (
				137AE8FE2BAC33AD0030B75B /* AuthViewModel.swift */,
			);
			path = Viewmodel;
			sourceTree = "<group>";
		};
		13BA6B402B8963F900D816E9 = {
			isa = PBXGroup;
			children = (
				13BA6B4B2B8963F900D816E9 /* AccoBnB */,
				13BA6B4A2B8963F900D816E9 /* Products */,
			);
			sourceTree = "<group>";
		};
		13BA6B4A2B8963F900D816E9 /* Products */ = {
			isa = PBXGroup;
			children = (
				13BA6B492B8963F900D816E9 /* AccoBnB.app */,
			);
			name = Products;
			sourceTree = "<group>";
		};
		13BA6B4B2B8963F900D816E9 /* AccoBnB */ = {
			isa = PBXGroup;
			children = (
				800BEB8A2BC649BD00FEDCFE /* Utils */,
				80526C5C2BC35A6B008BE699 /* Info.plist */,
				80526C5B2BC35736008BE699 /* AccoBnB.entitlements */,
				80526C592BC355E1008BE699 /* GoogleService-Info.plist */,
				13BA6B802B99B7DE00D816E9 /* viewmodels */,
				E123E8122B8C651200FEBDBA /* Data */,
				13BA6B5B2B89659B00D816E9 /* Views */,
				13BA6B5A2B89659100D816E9 /* Components */,
				13BA6B4C2B8963F900D816E9 /* AccoBnBApp.swift */,
				80526C5F2BC36F94008BE699 /* AppDelegate.swift */,
				13BA6B4E2B8963F900D816E9 /* ContentView.swift */,
				13BA6B502B8963FA00D816E9 /* Assets.xcassets */,
				13BA6B522B8963FA00D816E9 /* Preview Content */,
			);
			path = AccoBnB;
			sourceTree = "<group>";
		};
		13BA6B522B8963FA00D816E9 /* Preview Content */ = {
			isa = PBXGroup;
			children = (
				13BA6B532B8963FA00D816E9 /* Preview Assets.xcassets */,
			);
			path = "Preview Content";
			sourceTree = "<group>";
		};
		13BA6B5A2B89659100D816E9 /* Components */ = {
			isa = PBXGroup;
			children = (
				13BA6B712B8A62A100D816E9 /* ListingCardView.swift */,
				13BA6B6F2B8A629800D816E9 /* ConciseRatingView.swift */,
				13BA6B5C2B8965B500D816E9 /* CustomTextFieldView.swift */,
				13BA6B5F2B8965D800D816E9 /* CustomButtonView.swift */,
				13BA6B612B89682C00D816E9 /* BorderlessIconButtonView.swift */,
				13BA6B7B2B8C238800D816E9 /* MenuNavigationView.swift */,
				E1E5BE042BA1457A004BD586 /* ListingDetailView.swift */,
				1336F28D2BA1DE1B003AA20D /* ReviewCardView.swift */,
				E12B64232BAA4ED40045303F /* BottomSheetView.swift */,
				D02908472BAA5266001EA8B1 /* SearchBarView.swift */,
				13DCA1532BB9D62E00838279 /* RatingStarView.swift */,
<<<<<<< HEAD
				E1EFA9632BBCCC1200E50E64 /* AmenityChipView.swift */,
				E11609B02BBE56DE00404A7C /* AddressSearchBarView.swift */,
				E16236BD2BC344AA008D657B /* ImagePicker.swift */,
=======
				135743AE2BC05A53008442B8 /* MapView.swift */,
>>>>>>> f6c7057 (added map view)
			);
			path = Components;
			sourceTree = "<group>";
		};
		13BA6B5B2B89659B00D816E9 /* Views */ = {
			isa = PBXGroup;
			children = (
				80526C3A2BBCCEAA008BE699 /* Notification */,
				137AE8FB2BAC33610030B75B /* Authentication */,
				E12B64252BAB6F2B0045303F /* Booking */,
				136372212BA859220082518A /* Profile */,
				E120AD602B97C2590061ECD4 /* Listing */,
				E123E8102B8C001400FEBDBA /* SplashScreenView.swift */,
			);
			path = Views;
			sourceTree = "<group>";
		};
		13BA6B802B99B7DE00D816E9 /* viewmodels */ = {
			isa = PBXGroup;
			children = (
				136372222BA859600082518A /* UserProfileViewModel.swift */,
				13DCA1552BBA2BF600838279 /* ReviewViewModel.swift */,
			);
			path = viewmodels;
			sourceTree = "<group>";
		};
		800BEB8A2BC649BD00FEDCFE /* Utils */ = {
			isa = PBXGroup;
			children = (
				800BEB8B2BC649FF00FEDCFE /* ImageCache.swift */,
				800BEB8D2BC6530600FEDCFE /* DateHelper.swift */,
			);
			path = Utils;
			sourceTree = "<group>";
		};
		80526C3A2BBCCEAA008BE699 /* Notification */ = {
			isa = PBXGroup;
			children = (
				13BA6B772B8C211600D816E9 /* NotificationView.swift */,
				80526C3B2BBCCF0A008BE699 /* NotificationViewModel.swift */,
			);
			path = Notification;
			sourceTree = "<group>";
		};
		E120AD602B97C2590061ECD4 /* Listing */ = {
			isa = PBXGroup;
			children = (
				13BA6B732B8C20CA00D816E9 /* ListingView.swift */,
				E120AD612B97C2730061ECD4 /* ListingViewModel.swift */,
				E1EFA95F2BB7977200E50E64 /* ManageListingView.swift */,
				E1EFA9612BB79C6400E50E64 /* AddListingView.swift */,
			);
			path = Listing;
			sourceTree = "<group>";
		};
		E120AD632B97C6060061ECD4 /* Repository */ = {
			isa = PBXGroup;
			children = (
				E120AD642B97C6180061ECD4 /* ListingRepository.swift */,
				E120AD662B97C6750061ECD4 /* FirestoreListingRepository.swift */,
				136372242BA85A6B0082518A /* UserRepository.swift */,
				136372262BA85B870082518A /* FirestoreUserRepository.swift */,
				E12B64282BAB70090045303F /* BookingRepository.swift */,
				E12B642A2BAB707C0045303F /* FirestoreBookingRepository.swift */,
				13DCA1572BBA32A000838279 /* ReviewRepository.swift */,
				13DCA1592BBA32AE00838279 /* FirestoreReviewRepository.swift */,
				80526C3D2BBCCF42008BE699 /* NotificationRepository.swift */,
				80526C3F2BBCCF58008BE699 /* FirestoreNotificationRepository.swift */,
			);
			path = Repository;
			sourceTree = "<group>";
		};
		E123E8122B8C651200FEBDBA /* Data */ = {
			isa = PBXGroup;
			children = (
				E120AD632B97C6060061ECD4 /* Repository */,
				E123E8132B8C653100FEBDBA /* Model */,
			);
			path = Data;
			sourceTree = "<group>";
		};
		E123E8132B8C653100FEBDBA /* Model */ = {
			isa = PBXGroup;
			children = (
				E123E8142B8C655400FEBDBA /* Listing.swift */,
				E123E8162B8CFDB300FEBDBA /* Booking.swift */,
				E123E8182B8CFE0100FEBDBA /* Notification.swift */,
				E123E81A2B8CFE3300FEBDBA /* Review.swift */,
				E123E81C2B8CFE7E00FEBDBA /* User.swift */,
				E123E8202B8CFF0800FEBDBA /* Favourite.swift */,
			);
			path = Model;
			sourceTree = "<group>";
		};
		E12B64252BAB6F2B0045303F /* Booking */ = {
			isa = PBXGroup;
			children = (
				E12B642C2BAF74A30045303F /* BookingView.swift */,
				E12B64262BAB6F450045303F /* BookingViewModel.swift */,
				13DCA1512BB88AE200838279 /* BookingSummary.swift */,
			);
			path = Booking;
			sourceTree = "<group>";
		};
/* End PBXGroup section */

/* Begin PBXNativeTarget section */
		13BA6B482B8963F900D816E9 /* AccoBnB */ = {
			isa = PBXNativeTarget;
			buildConfigurationList = 13BA6B572B8963FA00D816E9 /* Build configuration list for PBXNativeTarget "AccoBnB" */;
			buildPhases = (
				13BA6B452B8963F900D816E9 /* Sources */,
				13BA6B462B8963F900D816E9 /* Frameworks */,
				13BA6B472B8963F900D816E9 /* Resources */,
			);
			buildRules = (
			);
			dependencies = (
			);
			name = AccoBnB;
			packageProductDependencies = (
				E120AD2A2B97C22A0061ECD4 /* FirebaseAnalytics */,
				E120AD2C2B97C22A0061ECD4 /* FirebaseAnalyticsOnDeviceConversion */,
				E120AD2E2B97C22A0061ECD4 /* FirebaseAnalyticsSwift */,
				E120AD302B97C22A0061ECD4 /* FirebaseAnalyticsWithoutAdIdSupport */,
				E120AD322B97C22A0061ECD4 /* FirebaseAppCheck */,
				E120AD342B97C22A0061ECD4 /* FirebaseAppDistribution-Beta */,
				E120AD362B97C22A0061ECD4 /* FirebaseAuth */,
				E120AD382B97C22A0061ECD4 /* FirebaseAuthCombine-Community */,
				E120AD3A2B97C22A0061ECD4 /* FirebaseCrashlytics */,
				E120AD3C2B97C22A0061ECD4 /* FirebaseDatabase */,
				E120AD3E2B97C22A0061ECD4 /* FirebaseDatabaseSwift */,
				E120AD402B97C22A0061ECD4 /* FirebaseDynamicLinks */,
				E120AD422B97C22A0061ECD4 /* FirebaseFirestore */,
				E120AD442B97C22A0061ECD4 /* FirebaseFirestoreCombine-Community */,
				E120AD462B97C22A0061ECD4 /* FirebaseFirestoreSwift */,
				E120AD482B97C22A0061ECD4 /* FirebaseFunctions */,
				E120AD4A2B97C22A0061ECD4 /* FirebaseFunctionsCombine-Community */,
				E120AD4C2B97C22A0061ECD4 /* FirebaseInAppMessaging-Beta */,
				E120AD4E2B97C22A0061ECD4 /* FirebaseInAppMessagingSwift-Beta */,
				E120AD502B97C22A0061ECD4 /* FirebaseInstallations */,
				E120AD522B97C22A0061ECD4 /* FirebaseMLModelDownloader */,
				E120AD542B97C22A0061ECD4 /* FirebaseMessaging */,
				E120AD562B97C22A0061ECD4 /* FirebasePerformance */,
				E120AD582B97C22A0061ECD4 /* FirebaseRemoteConfig */,
				E120AD5A2B97C22A0061ECD4 /* FirebaseRemoteConfigSwift */,
				E120AD5C2B97C22A0061ECD4 /* FirebaseStorage */,
				E120AD5E2B97C22A0061ECD4 /* FirebaseStorageCombine-Community */,
				D051E6452BBC7C16000158AC /* FirebaseAnalytics */,
				D051E6472BBC7C16000158AC /* FirebaseAnalyticsOnDeviceConversion */,
				D051E6492BBC7C16000158AC /* FirebaseAnalyticsSwift */,
				D051E64B2BBC7C16000158AC /* FirebaseAnalyticsWithoutAdIdSupport */,
				D051E64D2BBC7C16000158AC /* FirebaseAppCheck */,
				800BEB882BC6490600FEDCFE /* CachedAsyncImage */,
				135743B62BC700F2008442B8 /* FirebaseAnalytics */,
				135743B82BC700F2008442B8 /* FirebaseAnalyticsOnDeviceConversion */,
				135743BA2BC700F2008442B8 /* FirebaseAnalyticsSwift */,
				135743BC2BC700F2008442B8 /* FirebaseAnalyticsWithoutAdIdSupport */,
				135743BE2BC700F2008442B8 /* FirebaseAppCheck */,
			);
			productName = AccoBnB;
			productReference = 13BA6B492B8963F900D816E9 /* AccoBnB.app */;
			productType = "com.apple.product-type.application";
		};
/* End PBXNativeTarget section */

/* Begin PBXProject section */
		13BA6B412B8963F900D816E9 /* Project object */ = {
			isa = PBXProject;
			attributes = {
				BuildIndependentTargetsInParallel = 1;
				LastSwiftUpdateCheck = 1520;
				LastUpgradeCheck = 1520;
				TargetAttributes = {
					13BA6B482B8963F900D816E9 = {
						CreatedOnToolsVersion = 15.2;
					};
				};
			};
			buildConfigurationList = 13BA6B442B8963F900D816E9 /* Build configuration list for PBXProject "AccoBnB" */;
			compatibilityVersion = "Xcode 14.0";
			developmentRegion = en;
			hasScannedForEncodings = 0;
			knownRegions = (
				en,
				Base,
			);
			mainGroup = 13BA6B402B8963F900D816E9;
			packageReferences = (
				E120AD292B97C22A0061ECD4 /* XCRemoteSwiftPackageReference "firebase-ios-sdk" */,
				800BEB872BC6490600FEDCFE /* XCRemoteSwiftPackageReference "swiftui-cached-async-image" */,
			);
			productRefGroup = 13BA6B4A2B8963F900D816E9 /* Products */;
			projectDirPath = "";
			projectRoot = "";
			targets = (
				13BA6B482B8963F900D816E9 /* AccoBnB */,
			);
		};
/* End PBXProject section */

/* Begin PBXResourcesBuildPhase section */
		13BA6B472B8963F900D816E9 /* Resources */ = {
			isa = PBXResourcesBuildPhase;
			buildActionMask = 2147483647;
			files = (
				13BA6B542B8963FA00D816E9 /* Preview Assets.xcassets in Resources */,
				13BA6B512B8963FA00D816E9 /* Assets.xcassets in Resources */,
				80526C5A2BC355E1008BE699 /* GoogleService-Info.plist in Resources */,
			);
			runOnlyForDeploymentPostprocessing = 0;
		};
/* End PBXResourcesBuildPhase section */

/* Begin PBXSourcesBuildPhase section */
		13BA6B452B8963F900D816E9 /* Sources */ = {
			isa = PBXSourcesBuildPhase;
			buildActionMask = 2147483647;
			files = (
				13DCA1582BBA32A000838279 /* ReviewRepository.swift in Sources */,
				D00CCF5B2BC24DD200DAB1FE /* PrivacyPolicyView.swift in Sources */,
				E1EFA9602BB7977300E50E64 /* ManageListingView.swift in Sources */,
				13BA6B702B8A629800D816E9 /* ConciseRatingView.swift in Sources */,
				E16236BE2BC344AA008D657B /* ImagePicker.swift in Sources */,
				E120AD622B97C2730061ECD4 /* ListingViewModel.swift in Sources */,
				E123E8172B8CFDB300FEBDBA /* Booking.swift in Sources */,
				13BA6B4F2B8963F900D816E9 /* ContentView.swift in Sources */,
				E1E5BE052BA1457A004BD586 /* ListingDetailView.swift in Sources */,
				E12B64272BAB6F450045303F /* BookingViewModel.swift in Sources */,
				80526C602BC36F94008BE699 /* AppDelegate.swift in Sources */,
				1336F28E2BA1DE1B003AA20D /* ReviewCardView.swift in Sources */,
				13BA6B6A2B8969A100D816E9 /* MyProfileView.swift in Sources */,
				13BA6B662B89693B00D816E9 /* LoginView.swift in Sources */,
				E123E81B2B8CFE3300FEBDBA /* Review.swift in Sources */,
				137AE8FF2BAC33AD0030B75B /* AuthViewModel.swift in Sources */,
				136372272BA85B870082518A /* FirestoreUserRepository.swift in Sources */,
				135743AF2BC05A53008442B8 /* MapView.swift in Sources */,
				13DCA1542BB9D62E00838279 /* RatingStarView.swift in Sources */,
				E11609B12BBE56DE00404A7C /* AddressSearchBarView.swift in Sources */,
				13BA6B622B89682C00D816E9 /* BorderlessIconButtonView.swift in Sources */,
				13DCA1522BB88AE200838279 /* BookingSummary.swift in Sources */,
				13DCA1562BBA2BF600838279 /* ReviewViewModel.swift in Sources */,
				13BA6B7C2B8C238800D816E9 /* MenuNavigationView.swift in Sources */,
				E12B642B2BAB707C0045303F /* FirestoreBookingRepository.swift in Sources */,
				E123E8152B8C655400FEBDBA /* Listing.swift in Sources */,
				E1EFA9642BBCCC1200E50E64 /* AmenityChipView.swift in Sources */,
				13BA6B742B8C20CA00D816E9 /* ListingView.swift in Sources */,
				80526C3E2BBCCF42008BE699 /* NotificationRepository.swift in Sources */,
				D00CCF5F2BC2548200DAB1FE /* TermsAndConditionsView.swift in Sources */,
				80526C402BBCCF58008BE699 /* FirestoreNotificationRepository.swift in Sources */,
				13BA6B682B89697100D816E9 /* ResetPasswordView.swift in Sources */,
				136372252BA85A6B0082518A /* UserRepository.swift in Sources */,
				13BA6B4D2B8963F900D816E9 /* AccoBnBApp.swift in Sources */,
				D051E6442BBC7890000158AC /* SettingView.swift in Sources */,
				136372232BA859600082518A /* UserProfileViewModel.swift in Sources */,
				E1EFA9622BB79C6400E50E64 /* AddListingView.swift in Sources */,
				E123E8192B8CFE0100FEBDBA /* Notification.swift in Sources */,
				D02908482BAA5266001EA8B1 /* SearchBarView.swift in Sources */,
				13BA6B782B8C211600D816E9 /* NotificationView.swift in Sources */,
				E120AD672B97C6750061ECD4 /* FirestoreListingRepository.swift in Sources */,
				13BA6B642B8968E800D816E9 /* RegisterView.swift in Sources */,
				13BA6B722B8A62A100D816E9 /* ListingCardView.swift in Sources */,
				800BEB8C2BC649FF00FEDCFE /* ImageCache.swift in Sources */,
				E123E8212B8CFF0800FEBDBA /* Favourite.swift in Sources */,
				13BA6B5D2B8965B500D816E9 /* CustomTextFieldView.swift in Sources */,
				13DCA15A2BBA32AE00838279 /* FirestoreReviewRepository.swift in Sources */,
				E120AD652B97C6180061ECD4 /* ListingRepository.swift in Sources */,
				136372202BA848930082518A /* EditUserDetailView.swift in Sources */,
				E12B64292BAB70090045303F /* BookingRepository.swift in Sources */,
				13BA6B602B8965D800D816E9 /* CustomButtonView.swift in Sources */,
				E123E8112B8C001400FEBDBA /* SplashScreenView.swift in Sources */,
				80526C3C2BBCCF0A008BE699 /* NotificationViewModel.swift in Sources */,
				E123E81D2B8CFE7E00FEBDBA /* User.swift in Sources */,
				800BEB8E2BC6530600FEDCFE /* DateHelper.swift in Sources */,
				E12B642D2BAF74A30045303F /* BookingView.swift in Sources */,
				E12B64242BAA4ED50045303F /* BottomSheetView.swift in Sources */,
			);
			runOnlyForDeploymentPostprocessing = 0;
		};
/* End PBXSourcesBuildPhase section */

/* Begin XCBuildConfiguration section */
		13BA6B552B8963FA00D816E9 /* Debug */ = {
			isa = XCBuildConfiguration;
			buildSettings = {
				ALWAYS_SEARCH_USER_PATHS = NO;
				ASSETCATALOG_COMPILER_GENERATE_SWIFT_ASSET_SYMBOL_EXTENSIONS = YES;
				CLANG_ANALYZER_NONNULL = YES;
				CLANG_ANALYZER_NUMBER_OBJECT_CONVERSION = YES_AGGRESSIVE;
				CLANG_CXX_LANGUAGE_STANDARD = "gnu++20";
				CLANG_ENABLE_MODULES = YES;
				CLANG_ENABLE_OBJC_ARC = YES;
				CLANG_ENABLE_OBJC_WEAK = YES;
				CLANG_WARN_BLOCK_CAPTURE_AUTORELEASING = YES;
				CLANG_WARN_BOOL_CONVERSION = YES;
				CLANG_WARN_COMMA = YES;
				CLANG_WARN_CONSTANT_CONVERSION = YES;
				CLANG_WARN_DEPRECATED_OBJC_IMPLEMENTATIONS = YES;
				CLANG_WARN_DIRECT_OBJC_ISA_USAGE = YES_ERROR;
				CLANG_WARN_DOCUMENTATION_COMMENTS = YES;
				CLANG_WARN_EMPTY_BODY = YES;
				CLANG_WARN_ENUM_CONVERSION = YES;
				CLANG_WARN_INFINITE_RECURSION = YES;
				CLANG_WARN_INT_CONVERSION = YES;
				CLANG_WARN_NON_LITERAL_NULL_CONVERSION = YES;
				CLANG_WARN_OBJC_IMPLICIT_RETAIN_SELF = YES;
				CLANG_WARN_OBJC_LITERAL_CONVERSION = YES;
				CLANG_WARN_OBJC_ROOT_CLASS = YES_ERROR;
				CLANG_WARN_QUOTED_INCLUDE_IN_FRAMEWORK_HEADER = YES;
				CLANG_WARN_RANGE_LOOP_ANALYSIS = YES;
				CLANG_WARN_STRICT_PROTOTYPES = YES;
				CLANG_WARN_SUSPICIOUS_MOVE = YES;
				CLANG_WARN_UNGUARDED_AVAILABILITY = YES_AGGRESSIVE;
				CLANG_WARN_UNREACHABLE_CODE = YES;
				CLANG_WARN__DUPLICATE_METHOD_MATCH = YES;
				COPY_PHASE_STRIP = NO;
				DEBUG_INFORMATION_FORMAT = dwarf;
				ENABLE_STRICT_OBJC_MSGSEND = YES;
				ENABLE_TESTABILITY = YES;
				ENABLE_USER_SCRIPT_SANDBOXING = YES;
				GCC_C_LANGUAGE_STANDARD = gnu17;
				GCC_DYNAMIC_NO_PIC = NO;
				GCC_NO_COMMON_BLOCKS = YES;
				GCC_OPTIMIZATION_LEVEL = 0;
				GCC_PREPROCESSOR_DEFINITIONS = (
					"DEBUG=1",
					"$(inherited)",
				);
				GCC_WARN_64_TO_32_BIT_CONVERSION = YES;
				GCC_WARN_ABOUT_RETURN_TYPE = YES_ERROR;
				GCC_WARN_UNDECLARED_SELECTOR = YES;
				GCC_WARN_UNINITIALIZED_AUTOS = YES_AGGRESSIVE;
				GCC_WARN_UNUSED_FUNCTION = YES;
				GCC_WARN_UNUSED_VARIABLE = YES;
				IPHONEOS_DEPLOYMENT_TARGET = 17.2;
				LOCALIZATION_PREFERS_STRING_CATALOGS = YES;
				MTL_ENABLE_DEBUG_INFO = INCLUDE_SOURCE;
				MTL_FAST_MATH = YES;
				ONLY_ACTIVE_ARCH = YES;
				SDKROOT = iphoneos;
				SWIFT_ACTIVE_COMPILATION_CONDITIONS = "DEBUG $(inherited)";
				SWIFT_OPTIMIZATION_LEVEL = "-Onone";
			};
			name = Debug;
		};
		13BA6B562B8963FA00D816E9 /* Release */ = {
			isa = XCBuildConfiguration;
			buildSettings = {
				ALWAYS_SEARCH_USER_PATHS = NO;
				ASSETCATALOG_COMPILER_GENERATE_SWIFT_ASSET_SYMBOL_EXTENSIONS = YES;
				CLANG_ANALYZER_NONNULL = YES;
				CLANG_ANALYZER_NUMBER_OBJECT_CONVERSION = YES_AGGRESSIVE;
				CLANG_CXX_LANGUAGE_STANDARD = "gnu++20";
				CLANG_ENABLE_MODULES = YES;
				CLANG_ENABLE_OBJC_ARC = YES;
				CLANG_ENABLE_OBJC_WEAK = YES;
				CLANG_WARN_BLOCK_CAPTURE_AUTORELEASING = YES;
				CLANG_WARN_BOOL_CONVERSION = YES;
				CLANG_WARN_COMMA = YES;
				CLANG_WARN_CONSTANT_CONVERSION = YES;
				CLANG_WARN_DEPRECATED_OBJC_IMPLEMENTATIONS = YES;
				CLANG_WARN_DIRECT_OBJC_ISA_USAGE = YES_ERROR;
				CLANG_WARN_DOCUMENTATION_COMMENTS = YES;
				CLANG_WARN_EMPTY_BODY = YES;
				CLANG_WARN_ENUM_CONVERSION = YES;
				CLANG_WARN_INFINITE_RECURSION = YES;
				CLANG_WARN_INT_CONVERSION = YES;
				CLANG_WARN_NON_LITERAL_NULL_CONVERSION = YES;
				CLANG_WARN_OBJC_IMPLICIT_RETAIN_SELF = YES;
				CLANG_WARN_OBJC_LITERAL_CONVERSION = YES;
				CLANG_WARN_OBJC_ROOT_CLASS = YES_ERROR;
				CLANG_WARN_QUOTED_INCLUDE_IN_FRAMEWORK_HEADER = YES;
				CLANG_WARN_RANGE_LOOP_ANALYSIS = YES;
				CLANG_WARN_STRICT_PROTOTYPES = YES;
				CLANG_WARN_SUSPICIOUS_MOVE = YES;
				CLANG_WARN_UNGUARDED_AVAILABILITY = YES_AGGRESSIVE;
				CLANG_WARN_UNREACHABLE_CODE = YES;
				CLANG_WARN__DUPLICATE_METHOD_MATCH = YES;
				COPY_PHASE_STRIP = NO;
				DEBUG_INFORMATION_FORMAT = "dwarf-with-dsym";
				ENABLE_NS_ASSERTIONS = NO;
				ENABLE_STRICT_OBJC_MSGSEND = YES;
				ENABLE_USER_SCRIPT_SANDBOXING = YES;
				GCC_C_LANGUAGE_STANDARD = gnu17;
				GCC_NO_COMMON_BLOCKS = YES;
				GCC_WARN_64_TO_32_BIT_CONVERSION = YES;
				GCC_WARN_ABOUT_RETURN_TYPE = YES_ERROR;
				GCC_WARN_UNDECLARED_SELECTOR = YES;
				GCC_WARN_UNINITIALIZED_AUTOS = YES_AGGRESSIVE;
				GCC_WARN_UNUSED_FUNCTION = YES;
				GCC_WARN_UNUSED_VARIABLE = YES;
				IPHONEOS_DEPLOYMENT_TARGET = 17.2;
				LOCALIZATION_PREFERS_STRING_CATALOGS = YES;
				MTL_ENABLE_DEBUG_INFO = NO;
				MTL_FAST_MATH = YES;
				SDKROOT = iphoneos;
				SWIFT_COMPILATION_MODE = wholemodule;
				VALIDATE_PRODUCT = YES;
			};
			name = Release;
		};
		13BA6B582B8963FA00D816E9 /* Debug */ = {
			isa = XCBuildConfiguration;
			buildSettings = {
				ASSETCATALOG_COMPILER_APPICON_NAME = AppIcon;
				ASSETCATALOG_COMPILER_GLOBAL_ACCENT_COLOR_NAME = AccentColor;
				CODE_SIGN_ENTITLEMENTS = AccoBnB/AccoBnB.entitlements;
				CODE_SIGN_STYLE = Automatic;
				CURRENT_PROJECT_VERSION = 1;
				DEVELOPMENT_ASSET_PATHS = "\"AccoBnB/Preview Content\"";
				DEVELOPMENT_TEAM = RT32ZWV93X;
				ENABLE_PREVIEWS = YES;
				GENERATE_INFOPLIST_FILE = YES;
				INFOPLIST_FILE = AccoBnB/Info.plist;
				INFOPLIST_KEY_UIApplicationSceneManifest_Generation = YES;
				INFOPLIST_KEY_UIApplicationSupportsIndirectInputEvents = YES;
				INFOPLIST_KEY_UILaunchScreen_Generation = YES;
				INFOPLIST_KEY_UISupportedInterfaceOrientations_iPad = "UIInterfaceOrientationPortrait UIInterfaceOrientationPortraitUpsideDown UIInterfaceOrientationLandscapeLeft UIInterfaceOrientationLandscapeRight";
				INFOPLIST_KEY_UISupportedInterfaceOrientations_iPhone = "UIInterfaceOrientationPortrait UIInterfaceOrientationLandscapeLeft UIInterfaceOrientationLandscapeRight";
				LD_RUNPATH_SEARCH_PATHS = (
					"$(inherited)",
					"@executable_path/Frameworks",
				);
				MARKETING_VERSION = 1.0;
				PRODUCT_BUNDLE_IDENTIFIER = com.dipeshcodes.AccoBnB;
				PRODUCT_NAME = "$(TARGET_NAME)";
				SWIFT_EMIT_LOC_STRINGS = YES;
				SWIFT_VERSION = 5.0;
				TARGETED_DEVICE_FAMILY = "1,2";
			};
			name = Debug;
		};
		13BA6B592B8963FA00D816E9 /* Release */ = {
			isa = XCBuildConfiguration;
			buildSettings = {
				ASSETCATALOG_COMPILER_APPICON_NAME = AppIcon;
				ASSETCATALOG_COMPILER_GLOBAL_ACCENT_COLOR_NAME = AccentColor;
				CODE_SIGN_ENTITLEMENTS = AccoBnB/AccoBnB.entitlements;
				CODE_SIGN_STYLE = Automatic;
				CURRENT_PROJECT_VERSION = 1;
				DEVELOPMENT_ASSET_PATHS = "\"AccoBnB/Preview Content\"";
				DEVELOPMENT_TEAM = RT32ZWV93X;
				ENABLE_PREVIEWS = YES;
				GENERATE_INFOPLIST_FILE = YES;
				INFOPLIST_FILE = AccoBnB/Info.plist;
				INFOPLIST_KEY_UIApplicationSceneManifest_Generation = YES;
				INFOPLIST_KEY_UIApplicationSupportsIndirectInputEvents = YES;
				INFOPLIST_KEY_UILaunchScreen_Generation = YES;
				INFOPLIST_KEY_UISupportedInterfaceOrientations_iPad = "UIInterfaceOrientationPortrait UIInterfaceOrientationPortraitUpsideDown UIInterfaceOrientationLandscapeLeft UIInterfaceOrientationLandscapeRight";
				INFOPLIST_KEY_UISupportedInterfaceOrientations_iPhone = "UIInterfaceOrientationPortrait UIInterfaceOrientationLandscapeLeft UIInterfaceOrientationLandscapeRight";
				LD_RUNPATH_SEARCH_PATHS = (
					"$(inherited)",
					"@executable_path/Frameworks",
				);
				MARKETING_VERSION = 1.0;
				PRODUCT_BUNDLE_IDENTIFIER = com.dipeshcodes.AccoBnB;
				PRODUCT_NAME = "$(TARGET_NAME)";
				SWIFT_EMIT_LOC_STRINGS = YES;
				SWIFT_VERSION = 5.0;
				TARGETED_DEVICE_FAMILY = "1,2";
			};
			name = Release;
		};
/* End XCBuildConfiguration section */

/* Begin XCConfigurationList section */
		13BA6B442B8963F900D816E9 /* Build configuration list for PBXProject "AccoBnB" */ = {
			isa = XCConfigurationList;
			buildConfigurations = (
				13BA6B552B8963FA00D816E9 /* Debug */,
				13BA6B562B8963FA00D816E9 /* Release */,
			);
			defaultConfigurationIsVisible = 0;
			defaultConfigurationName = Release;
		};
		13BA6B572B8963FA00D816E9 /* Build configuration list for PBXNativeTarget "AccoBnB" */ = {
			isa = XCConfigurationList;
			buildConfigurations = (
				13BA6B582B8963FA00D816E9 /* Debug */,
				13BA6B592B8963FA00D816E9 /* Release */,
			);
			defaultConfigurationIsVisible = 0;
			defaultConfigurationName = Release;
		};
/* End XCConfigurationList section */

/* Begin XCRemoteSwiftPackageReference section */
		800BEB872BC6490600FEDCFE /* XCRemoteSwiftPackageReference "swiftui-cached-async-image" */ = {
			isa = XCRemoteSwiftPackageReference;
			repositoryURL = "https://github.com/lorenzofiamingo/swiftui-cached-async-image";
			requirement = {
				kind = upToNextMajorVersion;
				minimumVersion = 2.1.1;
			};
		};
		E120AD292B97C22A0061ECD4 /* XCRemoteSwiftPackageReference "firebase-ios-sdk" */ = {
			isa = XCRemoteSwiftPackageReference;
			repositoryURL = "https://github.com/firebase/firebase-ios-sdk";
			requirement = {
				kind = upToNextMajorVersion;
				minimumVersion = 10.22.0;
			};
		};
/* End XCRemoteSwiftPackageReference section */

/* Begin XCSwiftPackageProductDependency section */
		135743B62BC700F2008442B8 /* FirebaseAnalytics */ = {
			isa = XCSwiftPackageProductDependency;
			package = E120AD292B97C22A0061ECD4 /* XCRemoteSwiftPackageReference "firebase-ios-sdk" */;
			productName = FirebaseAnalytics;
		};
		135743B82BC700F2008442B8 /* FirebaseAnalyticsOnDeviceConversion */ = {
			isa = XCSwiftPackageProductDependency;
			package = E120AD292B97C22A0061ECD4 /* XCRemoteSwiftPackageReference "firebase-ios-sdk" */;
			productName = FirebaseAnalyticsOnDeviceConversion;
		};
		135743BA2BC700F2008442B8 /* FirebaseAnalyticsSwift */ = {
			isa = XCSwiftPackageProductDependency;
			package = E120AD292B97C22A0061ECD4 /* XCRemoteSwiftPackageReference "firebase-ios-sdk" */;
			productName = FirebaseAnalyticsSwift;
		};
		135743BC2BC700F2008442B8 /* FirebaseAnalyticsWithoutAdIdSupport */ = {
			isa = XCSwiftPackageProductDependency;
			package = E120AD292B97C22A0061ECD4 /* XCRemoteSwiftPackageReference "firebase-ios-sdk" */;
			productName = FirebaseAnalyticsWithoutAdIdSupport;
		};
		135743BE2BC700F2008442B8 /* FirebaseAppCheck */ = {
			isa = XCSwiftPackageProductDependency;
			package = E120AD292B97C22A0061ECD4 /* XCRemoteSwiftPackageReference "firebase-ios-sdk" */;
			productName = FirebaseAppCheck;
		};
		800BEB882BC6490600FEDCFE /* CachedAsyncImage */ = {
			isa = XCSwiftPackageProductDependency;
			package = 800BEB872BC6490600FEDCFE /* XCRemoteSwiftPackageReference "swiftui-cached-async-image" */;
			productName = CachedAsyncImage;
		};
		D051E6452BBC7C16000158AC /* FirebaseAnalytics */ = {
			isa = XCSwiftPackageProductDependency;
			package = E120AD292B97C22A0061ECD4 /* XCRemoteSwiftPackageReference "firebase-ios-sdk" */;
			productName = FirebaseAnalytics;
		};
		D051E6472BBC7C16000158AC /* FirebaseAnalyticsOnDeviceConversion */ = {
			isa = XCSwiftPackageProductDependency;
			package = E120AD292B97C22A0061ECD4 /* XCRemoteSwiftPackageReference "firebase-ios-sdk" */;
			productName = FirebaseAnalyticsOnDeviceConversion;
		};
		D051E6492BBC7C16000158AC /* FirebaseAnalyticsSwift */ = {
			isa = XCSwiftPackageProductDependency;
			package = E120AD292B97C22A0061ECD4 /* XCRemoteSwiftPackageReference "firebase-ios-sdk" */;
			productName = FirebaseAnalyticsSwift;
		};
		D051E64B2BBC7C16000158AC /* FirebaseAnalyticsWithoutAdIdSupport */ = {
			isa = XCSwiftPackageProductDependency;
			package = E120AD292B97C22A0061ECD4 /* XCRemoteSwiftPackageReference "firebase-ios-sdk" */;
			productName = FirebaseAnalyticsWithoutAdIdSupport;
		};
		D051E64D2BBC7C16000158AC /* FirebaseAppCheck */ = {
			isa = XCSwiftPackageProductDependency;
			package = E120AD292B97C22A0061ECD4 /* XCRemoteSwiftPackageReference "firebase-ios-sdk" */;
			productName = FirebaseAppCheck;
		};
		E120AD2A2B97C22A0061ECD4 /* FirebaseAnalytics */ = {
			isa = XCSwiftPackageProductDependency;
			package = E120AD292B97C22A0061ECD4 /* XCRemoteSwiftPackageReference "firebase-ios-sdk" */;
			productName = FirebaseAnalytics;
		};
		E120AD2C2B97C22A0061ECD4 /* FirebaseAnalyticsOnDeviceConversion */ = {
			isa = XCSwiftPackageProductDependency;
			package = E120AD292B97C22A0061ECD4 /* XCRemoteSwiftPackageReference "firebase-ios-sdk" */;
			productName = FirebaseAnalyticsOnDeviceConversion;
		};
		E120AD2E2B97C22A0061ECD4 /* FirebaseAnalyticsSwift */ = {
			isa = XCSwiftPackageProductDependency;
			package = E120AD292B97C22A0061ECD4 /* XCRemoteSwiftPackageReference "firebase-ios-sdk" */;
			productName = FirebaseAnalyticsSwift;
		};
		E120AD302B97C22A0061ECD4 /* FirebaseAnalyticsWithoutAdIdSupport */ = {
			isa = XCSwiftPackageProductDependency;
			package = E120AD292B97C22A0061ECD4 /* XCRemoteSwiftPackageReference "firebase-ios-sdk" */;
			productName = FirebaseAnalyticsWithoutAdIdSupport;
		};
		E120AD322B97C22A0061ECD4 /* FirebaseAppCheck */ = {
			isa = XCSwiftPackageProductDependency;
			package = E120AD292B97C22A0061ECD4 /* XCRemoteSwiftPackageReference "firebase-ios-sdk" */;
			productName = FirebaseAppCheck;
		};
		E120AD342B97C22A0061ECD4 /* FirebaseAppDistribution-Beta */ = {
			isa = XCSwiftPackageProductDependency;
			package = E120AD292B97C22A0061ECD4 /* XCRemoteSwiftPackageReference "firebase-ios-sdk" */;
			productName = "FirebaseAppDistribution-Beta";
		};
		E120AD362B97C22A0061ECD4 /* FirebaseAuth */ = {
			isa = XCSwiftPackageProductDependency;
			package = E120AD292B97C22A0061ECD4 /* XCRemoteSwiftPackageReference "firebase-ios-sdk" */;
			productName = FirebaseAuth;
		};
		E120AD382B97C22A0061ECD4 /* FirebaseAuthCombine-Community */ = {
			isa = XCSwiftPackageProductDependency;
			package = E120AD292B97C22A0061ECD4 /* XCRemoteSwiftPackageReference "firebase-ios-sdk" */;
			productName = "FirebaseAuthCombine-Community";
		};
		E120AD3A2B97C22A0061ECD4 /* FirebaseCrashlytics */ = {
			isa = XCSwiftPackageProductDependency;
			package = E120AD292B97C22A0061ECD4 /* XCRemoteSwiftPackageReference "firebase-ios-sdk" */;
			productName = FirebaseCrashlytics;
		};
		E120AD3C2B97C22A0061ECD4 /* FirebaseDatabase */ = {
			isa = XCSwiftPackageProductDependency;
			package = E120AD292B97C22A0061ECD4 /* XCRemoteSwiftPackageReference "firebase-ios-sdk" */;
			productName = FirebaseDatabase;
		};
		E120AD3E2B97C22A0061ECD4 /* FirebaseDatabaseSwift */ = {
			isa = XCSwiftPackageProductDependency;
			package = E120AD292B97C22A0061ECD4 /* XCRemoteSwiftPackageReference "firebase-ios-sdk" */;
			productName = FirebaseDatabaseSwift;
		};
		E120AD402B97C22A0061ECD4 /* FirebaseDynamicLinks */ = {
			isa = XCSwiftPackageProductDependency;
			package = E120AD292B97C22A0061ECD4 /* XCRemoteSwiftPackageReference "firebase-ios-sdk" */;
			productName = FirebaseDynamicLinks;
		};
		E120AD422B97C22A0061ECD4 /* FirebaseFirestore */ = {
			isa = XCSwiftPackageProductDependency;
			package = E120AD292B97C22A0061ECD4 /* XCRemoteSwiftPackageReference "firebase-ios-sdk" */;
			productName = FirebaseFirestore;
		};
		E120AD442B97C22A0061ECD4 /* FirebaseFirestoreCombine-Community */ = {
			isa = XCSwiftPackageProductDependency;
			package = E120AD292B97C22A0061ECD4 /* XCRemoteSwiftPackageReference "firebase-ios-sdk" */;
			productName = "FirebaseFirestoreCombine-Community";
		};
		E120AD462B97C22A0061ECD4 /* FirebaseFirestoreSwift */ = {
			isa = XCSwiftPackageProductDependency;
			package = E120AD292B97C22A0061ECD4 /* XCRemoteSwiftPackageReference "firebase-ios-sdk" */;
			productName = FirebaseFirestoreSwift;
		};
		E120AD482B97C22A0061ECD4 /* FirebaseFunctions */ = {
			isa = XCSwiftPackageProductDependency;
			package = E120AD292B97C22A0061ECD4 /* XCRemoteSwiftPackageReference "firebase-ios-sdk" */;
			productName = FirebaseFunctions;
		};
		E120AD4A2B97C22A0061ECD4 /* FirebaseFunctionsCombine-Community */ = {
			isa = XCSwiftPackageProductDependency;
			package = E120AD292B97C22A0061ECD4 /* XCRemoteSwiftPackageReference "firebase-ios-sdk" */;
			productName = "FirebaseFunctionsCombine-Community";
		};
		E120AD4C2B97C22A0061ECD4 /* FirebaseInAppMessaging-Beta */ = {
			isa = XCSwiftPackageProductDependency;
			package = E120AD292B97C22A0061ECD4 /* XCRemoteSwiftPackageReference "firebase-ios-sdk" */;
			productName = "FirebaseInAppMessaging-Beta";
		};
		E120AD4E2B97C22A0061ECD4 /* FirebaseInAppMessagingSwift-Beta */ = {
			isa = XCSwiftPackageProductDependency;
			package = E120AD292B97C22A0061ECD4 /* XCRemoteSwiftPackageReference "firebase-ios-sdk" */;
			productName = "FirebaseInAppMessagingSwift-Beta";
		};
		E120AD502B97C22A0061ECD4 /* FirebaseInstallations */ = {
			isa = XCSwiftPackageProductDependency;
			package = E120AD292B97C22A0061ECD4 /* XCRemoteSwiftPackageReference "firebase-ios-sdk" */;
			productName = FirebaseInstallations;
		};
		E120AD522B97C22A0061ECD4 /* FirebaseMLModelDownloader */ = {
			isa = XCSwiftPackageProductDependency;
			package = E120AD292B97C22A0061ECD4 /* XCRemoteSwiftPackageReference "firebase-ios-sdk" */;
			productName = FirebaseMLModelDownloader;
		};
		E120AD542B97C22A0061ECD4 /* FirebaseMessaging */ = {
			isa = XCSwiftPackageProductDependency;
			package = E120AD292B97C22A0061ECD4 /* XCRemoteSwiftPackageReference "firebase-ios-sdk" */;
			productName = FirebaseMessaging;
		};
		E120AD562B97C22A0061ECD4 /* FirebasePerformance */ = {
			isa = XCSwiftPackageProductDependency;
			package = E120AD292B97C22A0061ECD4 /* XCRemoteSwiftPackageReference "firebase-ios-sdk" */;
			productName = FirebasePerformance;
		};
		E120AD582B97C22A0061ECD4 /* FirebaseRemoteConfig */ = {
			isa = XCSwiftPackageProductDependency;
			package = E120AD292B97C22A0061ECD4 /* XCRemoteSwiftPackageReference "firebase-ios-sdk" */;
			productName = FirebaseRemoteConfig;
		};
		E120AD5A2B97C22A0061ECD4 /* FirebaseRemoteConfigSwift */ = {
			isa = XCSwiftPackageProductDependency;
			package = E120AD292B97C22A0061ECD4 /* XCRemoteSwiftPackageReference "firebase-ios-sdk" */;
			productName = FirebaseRemoteConfigSwift;
		};
		E120AD5C2B97C22A0061ECD4 /* FirebaseStorage */ = {
			isa = XCSwiftPackageProductDependency;
			package = E120AD292B97C22A0061ECD4 /* XCRemoteSwiftPackageReference "firebase-ios-sdk" */;
			productName = FirebaseStorage;
		};
		E120AD5E2B97C22A0061ECD4 /* FirebaseStorageCombine-Community */ = {
			isa = XCSwiftPackageProductDependency;
			package = E120AD292B97C22A0061ECD4 /* XCRemoteSwiftPackageReference "firebase-ios-sdk" */;
			productName = "FirebaseStorageCombine-Community";
		};
/* End XCSwiftPackageProductDependency section */
	};
	rootObject = 13BA6B412B8963F900D816E9 /* Project object */;
}
